// !$*UTF8*$!
{
	archiveVersion = 1;
	classes = {
	};
	objectVersion = 46;
	objects = {

/* Begin PBXBuildFile section */
		D0A6DFD41B1BC3300037E34C /* AppDelegate.swift in Sources */ = {isa = PBXBuildFile; fileRef = D0A6DFD31B1BC3300037E34C /* AppDelegate.swift */; };
		D0A6DFD91B1BC3310037E34C /* Main.storyboard in Resources */ = {isa = PBXBuildFile; fileRef = D0A6DFD71B1BC3310037E34C /* Main.storyboard */; };
		D0A6DFDB1B1BC3310037E34C /* Images.xcassets in Resources */ = {isa = PBXBuildFile; fileRef = D0A6DFDA1B1BC3310037E34C /* Images.xcassets */; };
		D0A6DFDE1B1BC3310037E34C /* LaunchScreen.xib in Resources */ = {isa = PBXBuildFile; fileRef = D0A6DFDC1B1BC3310037E34C /* LaunchScreen.xib */; };
		D0A6DFEA1B1BC3310037E34C /* WineAppTests.swift in Sources */ = {isa = PBXBuildFile; fileRef = D0A6DFE91B1BC3310037E34C /* WineAppTests.swift */; };
		D0A6DFF51B1BCA120037E34C /* PageContentViewController.swift in Sources */ = {isa = PBXBuildFile; fileRef = D0A6DFF41B1BCA120037E34C /* PageContentViewController.swift */; };
		D0A6DFF71B1BCB620037E34C /* OnboardingViewController.swift in Sources */ = {isa = PBXBuildFile; fileRef = D0A6DFF61B1BCB620037E34C /* OnboardingViewController.swift */; };
/* End PBXBuildFile section */

/* Begin PBXContainerItemProxy section */
		D0A6DFE41B1BC3310037E34C /* PBXContainerItemProxy */ = {
			isa = PBXContainerItemProxy;
			containerPortal = D0A6DFC61B1BC3300037E34C /* Project object */;
			proxyType = 1;
			remoteGlobalIDString = D0A6DFCD1B1BC3300037E34C;
			remoteInfo = WineApp;
		};
/* End PBXContainerItemProxy section */

/* Begin PBXFileReference section */
		D0A6DFCE1B1BC3300037E34C /* WineApp.app */ = {isa = PBXFileReference; explicitFileType = wrapper.application; includeInIndex = 0; path = WineApp.app; sourceTree = BUILT_PRODUCTS_DIR; };
		D0A6DFD21B1BC3300037E34C /* Info.plist */ = {isa = PBXFileReference; lastKnownFileType = text.plist.xml; path = Info.plist; sourceTree = "<group>"; };
		D0A6DFD31B1BC3300037E34C /* AppDelegate.swift */ = {isa = PBXFileReference; lastKnownFileType = sourcecode.swift; path = AppDelegate.swift; sourceTree = "<group>"; };
		D0A6DFD81B1BC3310037E34C /* Base */ = {isa = PBXFileReference; lastKnownFileType = file.storyboard; name = Base; path = Base.lproj/Main.storyboard; sourceTree = "<group>"; };
		D0A6DFDA1B1BC3310037E34C /* Images.xcassets */ = {isa = PBXFileReference; lastKnownFileType = folder.assetcatalog; path = Images.xcassets; sourceTree = "<group>"; };
		D0A6DFDD1B1BC3310037E34C /* Base */ = {isa = PBXFileReference; lastKnownFileType = file.xib; name = Base; path = Base.lproj/LaunchScreen.xib; sourceTree = "<group>"; };
		D0A6DFE31B1BC3310037E34C /* WineAppTests.xctest */ = {isa = PBXFileReference; explicitFileType = wrapper.cfbundle; includeInIndex = 0; path = WineAppTests.xctest; sourceTree = BUILT_PRODUCTS_DIR; };
		D0A6DFE81B1BC3310037E34C /* Info.plist */ = {isa = PBXFileReference; lastKnownFileType = text.plist.xml; path = Info.plist; sourceTree = "<group>"; };
		D0A6DFE91B1BC3310037E34C /* WineAppTests.swift */ = {isa = PBXFileReference; lastKnownFileType = sourcecode.swift; path = WineAppTests.swift; sourceTree = "<group>"; };
		D0A6DFF41B1BCA120037E34C /* PageContentViewController.swift */ = {isa = PBXFileReference; fileEncoding = 4; lastKnownFileType = sourcecode.swift; path = PageContentViewController.swift; sourceTree = "<group>"; };
		D0A6DFF61B1BCB620037E34C /* OnboardingViewController.swift */ = {isa = PBXFileReference; fileEncoding = 4; lastKnownFileType = sourcecode.swift; path = OnboardingViewController.swift; sourceTree = "<group>"; };
/* End PBXFileReference section */

/* Begin PBXFrameworksBuildPhase section */
		D0A6DFCB1B1BC3300037E34C /* Frameworks */ = {
			isa = PBXFrameworksBuildPhase;
			buildActionMask = 2147483647;
			files = (
			);
			runOnlyForDeploymentPostprocessing = 0;
		};
		D0A6DFE01B1BC3310037E34C /* Frameworks */ = {
			isa = PBXFrameworksBuildPhase;
			buildActionMask = 2147483647;
			files = (
			);
			runOnlyForDeploymentPostprocessing = 0;
		};
/* End PBXFrameworksBuildPhase section */

/* Begin PBXGroup section */
		D0A6DFC51B1BC3300037E34C = {
			isa = PBXGroup;
			children = (
				D0A6DFD01B1BC3300037E34C /* WineApp */,
				D0A6DFE61B1BC3310037E34C /* WineAppTests */,
				D0A6DFCF1B1BC3300037E34C /* Products */,
			);
			sourceTree = "<group>";
		};
		D0A6DFCF1B1BC3300037E34C /* Products */ = {
			isa = PBXGroup;
			children = (
				D0A6DFCE1B1BC3300037E34C /* WineApp.app */,
				D0A6DFE31B1BC3310037E34C /* WineAppTests.xctest */,
			);
			name = Products;
			sourceTree = "<group>";
		};
		D0A6DFD01B1BC3300037E34C /* WineApp */ = {
			isa = PBXGroup;
			children = (
				D0A6DFD31B1BC3300037E34C /* AppDelegate.swift */,
				D0A6DFDA1B1BC3310037E34C /* Images.xcassets */,
				D0A6DFDC1B1BC3310037E34C /* LaunchScreen.xib */,
				D0A6DFD71B1BC3310037E34C /* Main.storyboard */,
				D0A6DFF61B1BCB620037E34C /* OnboardingViewController.swift */,
				D0A6DFF41B1BCA120037E34C /* PageContentViewController.swift */,
				D0A6DFD11B1BC3300037E34C /* Supporting Files */,
			);
			path = WineApp;
			sourceTree = "<group>";
		};
		D0A6DFD11B1BC3300037E34C /* Supporting Files */ = {
			isa = PBXGroup;
			children = (
				D0A6DFD21B1BC3300037E34C /* Info.plist */,
			);
			name = "Supporting Files";
			sourceTree = "<group>";
		};
		D0A6DFE61B1BC3310037E34C /* WineAppTests */ = {
			isa = PBXGroup;
			children = (
				D0A6DFE91B1BC3310037E34C /* WineAppTests.swift */,
				D0A6DFE71B1BC3310037E34C /* Supporting Files */,
			);
			path = WineAppTests;
			sourceTree = "<group>";
		};
		D0A6DFE71B1BC3310037E34C /* Supporting Files */ = {
			isa = PBXGroup;
			children = (
				D0A6DFE81B1BC3310037E34C /* Info.plist */,
			);
			name = "Supporting Files";
			sourceTree = "<group>";
		};
/* End PBXGroup section */

/* Begin PBXNativeTarget section */
		D0A6DFCD1B1BC3300037E34C /* WineApp */ = {
			isa = PBXNativeTarget;
			buildConfigurationList = D0A6DFED1B1BC3310037E34C /* Build configuration list for PBXNativeTarget "WineApp" */;
			buildPhases = (
				D0A6DFCA1B1BC3300037E34C /* Sources */,
				D0A6DFCB1B1BC3300037E34C /* Frameworks */,
				D0A6DFCC1B1BC3300037E34C /* Resources */,
			);
			buildRules = (
			);
			dependencies = (
			);
			name = WineApp;
			productName = WineApp;
			productReference = D0A6DFCE1B1BC3300037E34C /* WineApp.app */;
			productType = "com.apple.product-type.application";
		};
		D0A6DFE21B1BC3310037E34C /* WineAppTests */ = {
			isa = PBXNativeTarget;
			buildConfigurationList = D0A6DFF01B1BC3310037E34C /* Build configuration list for PBXNativeTarget "WineAppTests" */;
			buildPhases = (
				D0A6DFDF1B1BC3310037E34C /* Sources */,
				D0A6DFE01B1BC3310037E34C /* Frameworks */,
				D0A6DFE11B1BC3310037E34C /* Resources */,
			);
			buildRules = (
			);
			dependencies = (
				D0A6DFE51B1BC3310037E34C /* PBXTargetDependency */,
			);
			name = WineAppTests;
			productName = WineAppTests;
			productReference = D0A6DFE31B1BC3310037E34C /* WineAppTests.xctest */;
			productType = "com.apple.product-type.bundle.unit-test";
		};
/* End PBXNativeTarget section */

/* Begin PBXProject section */
		D0A6DFC61B1BC3300037E34C /* Project object */ = {
			isa = PBXProject;
			attributes = {
				LastUpgradeCheck = 0630;
				ORGANIZATIONNAME = jsteffen;
				TargetAttributes = {
					D0A6DFCD1B1BC3300037E34C = {
						CreatedOnToolsVersion = 6.3.2;
					};
					D0A6DFE21B1BC3310037E34C = {
						CreatedOnToolsVersion = 6.3.2;
						TestTargetID = D0A6DFCD1B1BC3300037E34C;
					};
				};
			};
			buildConfigurationList = D0A6DFC91B1BC3300037E34C /* Build configuration list for PBXProject "WineApp" */;
			compatibilityVersion = "Xcode 3.2";
			developmentRegion = English;
			hasScannedForEncodings = 0;
			knownRegions = (
				en,
				Base,
			);
			mainGroup = D0A6DFC51B1BC3300037E34C;
			productRefGroup = D0A6DFCF1B1BC3300037E34C /* Products */;
			projectDirPath = "";
			projectRoot = "";
			targets = (
				D0A6DFCD1B1BC3300037E34C /* WineApp */,
				D0A6DFE21B1BC3310037E34C /* WineAppTests */,
			);
		};
/* End PBXProject section */

/* Begin PBXResourcesBuildPhase section */
		D0A6DFCC1B1BC3300037E34C /* Resources */ = {
			isa = PBXResourcesBuildPhase;
			buildActionMask = 2147483647;
			files = (
				D0A6DFD91B1BC3310037E34C /* Main.storyboard in Resources */,
				D0A6DFDE1B1BC3310037E34C /* LaunchScreen.xib in Resources */,
				D0A6DFDB1B1BC3310037E34C /* Images.xcassets in Resources */,
			);
			runOnlyForDeploymentPostprocessing = 0;
		};
		D0A6DFE11B1BC3310037E34C /* Resources */ = {
			isa = PBXResourcesBuildPhase;
			buildActionMask = 2147483647;
			files = (
			);
			runOnlyForDeploymentPostprocessing = 0;
		};
/* End PBXResourcesBuildPhase section */

/* Begin PBXSourcesBuildPhase section */
		D0A6DFCA1B1BC3300037E34C /* Sources */ = {
			isa = PBXSourcesBuildPhase;
			buildActionMask = 2147483647;
			files = (
				D0A6DFD41B1BC3300037E34C /* AppDelegate.swift in Sources */,
				D0A6DFF71B1BCB620037E34C /* OnboardingViewController.swift in Sources */,
				D0A6DFF51B1BCA120037E34C /* PageContentViewController.swift in Sources */,
			);
			runOnlyForDeploymentPostprocessing = 0;
		};
		D0A6DFDF1B1BC3310037E34C /* Sources */ = {
			isa = PBXSourcesBuildPhase;
			buildActionMask = 2147483647;
			files = (
				D0A6DFEA1B1BC3310037E34C /* WineAppTests.swift in Sources */,
			);
			runOnlyForDeploymentPostprocessing = 0;
		};
/* End PBXSourcesBuildPhase section */

/* Begin PBXTargetDependency section */
		D0A6DFE51B1BC3310037E34C /* PBXTargetDependency */ = {
			isa = PBXTargetDependency;
			target = D0A6DFCD1B1BC3300037E34C /* WineApp */;
			targetProxy = D0A6DFE41B1BC3310037E34C /* PBXContainerItemProxy */;
		};
/* End PBXTargetDependency section */

/* Begin PBXVariantGroup section */
		D0A6DFD71B1BC3310037E34C /* Main.storyboard */ = {
			isa = PBXVariantGroup;
			children = (
				D0A6DFD81B1BC3310037E34C /* Base */,
			);
			name = Main.storyboard;
			sourceTree = "<group>";
		};
		D0A6DFDC1B1BC3310037E34C /* LaunchScreen.xib */ = {
			isa = PBXVariantGroup;
			children = (
				D0A6DFDD1B1BC3310037E34C /* Base */,
			);
			name = LaunchScreen.xib;
			sourceTree = "<group>";
		};
/* End PBXVariantGroup section */

/* Begin XCBuildConfiguration section */
		D0A6DFEB1B1BC3310037E34C /* Debug */ = {
			isa = XCBuildConfiguration;
			buildSettings = {
				ALWAYS_SEARCH_USER_PATHS = NO;
				CLANG_CXX_LANGUAGE_STANDARD = "gnu++0x";
				CLANG_CXX_LIBRARY = "libc++";
				CLANG_ENABLE_MODULES = YES;
				CLANG_ENABLE_OBJC_ARC = YES;
				CLANG_WARN_BOOL_CONVERSION = YES;
				CLANG_WARN_CONSTANT_CONVERSION = YES;
				CLANG_WARN_DIRECT_OBJC_ISA_USAGE = YES_ERROR;
				CLANG_WARN_EMPTY_BODY = YES;
				CLANG_WARN_ENUM_CONVERSION = YES;
				CLANG_WARN_INT_CONVERSION = YES;
				CLANG_WARN_OBJC_ROOT_CLASS = YES_ERROR;
				CLANG_WARN_UNREACHABLE_CODE = YES;
				CLANG_WARN__DUPLICATE_METHOD_MATCH = YES;
				"CODE_SIGN_IDENTITY[sdk=iphoneos*]" = "iPhone Developer";
				COPY_PHASE_STRIP = NO;
				DEBUG_INFORMATION_FORMAT = "dwarf-with-dsym";
				ENABLE_STRICT_OBJC_MSGSEND = YES;
				GCC_C_LANGUAGE_STANDARD = gnu99;
				GCC_DYNAMIC_NO_PIC = NO;
				GCC_NO_COMMON_BLOCKS = YES;
				GCC_OPTIMIZATION_LEVEL = 0;
				GCC_PREPROCESSOR_DEFINITIONS = (
					"DEBUG=1",
					"$(inherited)",
				);
				GCC_SYMBOLS_PRIVATE_EXTERN = NO;
				GCC_WARN_64_TO_32_BIT_CONVERSION = YES;
				GCC_WARN_ABOUT_RETURN_TYPE = YES_ERROR;
				GCC_WARN_UNDECLARED_SELECTOR = YES;
				GCC_WARN_UNINITIALIZED_AUTOS = YES_AGGRESSIVE;
				GCC_WARN_UNUSED_FUNCTION = YES;
				GCC_WARN_UNUSED_VARIABLE = YES;
				IPHONEOS_DEPLOYMENT_TARGET = 8.3;
				MTL_ENABLE_DEBUG_INFO = YES;
				ONLY_ACTIVE_ARCH = YES;
				SDKROOT = iphoneos;
				SWIFT_OPTIMIZATION_LEVEL = "-Onone";
				TARGETED_DEVICE_FAMILY = "1,2";
			};
			name = Debug;
		};
		D0A6DFEC1B1BC3310037E34C /* Release */ = {
			isa = XCBuildConfiguration;
			buildSettings = {
				ALWAYS_SEARCH_USER_PATHS = NO;
				CLANG_CXX_LANGUAGE_STANDARD = "gnu++0x";
				CLANG_CXX_LIBRARY = "libc++";
				CLANG_ENABLE_MODULES = YES;
				CLANG_ENABLE_OBJC_ARC = YES;
				CLANG_WARN_BOOL_CONVERSION = YES;
				CLANG_WARN_CONSTANT_CONVERSION = YES;
				CLANG_WARN_DIRECT_OBJC_ISA_USAGE = YES_ERROR;
				CLANG_WARN_EMPTY_BODY = YES;
				CLANG_WARN_ENUM_CONVERSION = YES;
				CLANG_WARN_INT_CONVERSION = YES;
				CLANG_WARN_OBJC_ROOT_CLASS = YES_ERROR;
				CLANG_WARN_UNREACHABLE_CODE = YES;
				CLANG_WARN__DUPLICATE_METHOD_MATCH = YES;
				"CODE_SIGN_IDENTITY[sdk=iphoneos*]" = "iPhone Developer";
				COPY_PHASE_STRIP = NO;
				DEBUG_INFORMATION_FORMAT = "dwarf-with-dsym";
				ENABLE_NS_ASSERTIONS = NO;
				ENABLE_STRICT_OBJC_MSGSEND = YES;
				GCC_C_LANGUAGE_STANDARD = gnu99;
				GCC_NO_COMMON_BLOCKS = YES;
				GCC_WARN_64_TO_32_BIT_CONVERSION = YES;
				GCC_WARN_ABOUT_RETURN_TYPE = YES_ERROR;
				GCC_WARN_UNDECLARED_SELECTOR = YES;
				GCC_WARN_UNINITIALIZED_AUTOS = YES_AGGRESSIVE;
				GCC_WARN_UNUSED_FUNCTION = YES;
				GCC_WARN_UNUSED_VARIABLE = YES;
				IPHONEOS_DEPLOYMENT_TARGET = 8.3;
				MTL_ENABLE_DEBUG_INFO = NO;
				SDKROOT = iphoneos;
				TARGETED_DEVICE_FAMILY = "1,2";
				VALIDATE_PRODUCT = YES;
			};
			name = Release;
		};
		D0A6DFEE1B1BC3310037E34C /* Debug */ = {
			isa = XCBuildConfiguration;
			buildSettings = {
				ASSETCATALOG_COMPILER_APPICON_NAME = AppIcon;
				INFOPLIST_FILE = WineApp/Info.plist;
				LD_RUNPATH_SEARCH_PATHS = "$(inherited) @executable_path/Frameworks";
				PRODUCT_NAME = "$(TARGET_NAME)";
			};
			name = Debug;
		};
		D0A6DFEF1B1BC3310037E34C /* Release */ = {
			isa = XCBuildConfiguration;
			buildSettings = {
				ASSETCATALOG_COMPILER_APPICON_NAME = AppIcon;
				INFOPLIST_FILE = WineApp/Info.plist;
				LD_RUNPATH_SEARCH_PATHS = "$(inherited) @executable_path/Frameworks";
				PRODUCT_NAME = "$(TARGET_NAME)";
			};
			name = Release;
		};
		D0A6DFF11B1BC3310037E34C /* Debug */ = {
			isa = XCBuildConfiguration;
			buildSettings = {
				BUNDLE_LOADER = "$(TEST_HOST)";
				FRAMEWORK_SEARCH_PATHS = (
					"$(SDKROOT)/Developer/Library/Frameworks",
					"$(inherited)",
				);
				GCC_PREPROCESSOR_DEFINITIONS = (
					"DEBUG=1",
					"$(inherited)",
				);
				INFOPLIST_FILE = WineAppTests/Info.plist;
				LD_RUNPATH_SEARCH_PATHS = "$(inherited) @executable_path/Frameworks @loader_path/Frameworks";
				PRODUCT_NAME = "$(TARGET_NAME)";
				TEST_HOST = "$(BUILT_PRODUCTS_DIR)/WineApp.app/WineApp";
			};
			name = Debug;
		};
		D0A6DFF21B1BC3310037E34C /* Release */ = {
			isa = XCBuildConfiguration;
			buildSettings = {
				BUNDLE_LOADER = "$(TEST_HOST)";
				FRAMEWORK_SEARCH_PATHS = (
					"$(SDKROOT)/Developer/Library/Frameworks",
					"$(inherited)",
				);
				INFOPLIST_FILE = WineAppTests/Info.plist;
				LD_RUNPATH_SEARCH_PATHS = "$(inherited) @executable_path/Frameworks @loader_path/Frameworks";
				PRODUCT_NAME = "$(TARGET_NAME)";
				TEST_HOST = "$(BUILT_PRODUCTS_DIR)/WineApp.app/WineApp";
			};
			name = Release;
		};
/* End XCBuildConfiguration section */

/* Begin XCConfigurationList section */
		D0A6DFC91B1BC3300037E34C /* Build configuration list for PBXProject "WineApp" */ = {
			isa = XCConfigurationList;
			buildConfigurations = (
				D0A6DFEB1B1BC3310037E34C /* Debug */,
				D0A6DFEC1B1BC3310037E34C /* Release */,
			);
			defaultConfigurationIsVisible = 0;
			defaultConfigurationName = Release;
		};
		D0A6DFED1B1BC3310037E34C /* Build configuration list for PBXNativeTarget "WineApp" */ = {
			isa = XCConfigurationList;
			buildConfigurations = (
				D0A6DFEE1B1BC3310037E34C /* Debug */,
				D0A6DFEF1B1BC3310037E34C /* Release */,
			);
			defaultConfigurationIsVisible = 0;
		};
		D0A6DFF01B1BC3310037E34C /* Build configuration list for PBXNativeTarget "WineAppTests" */ = {
			isa = XCConfigurationList;
			buildConfigurations = (
				D0A6DFF11B1BC3310037E34C /* Debug */,
				D0A6DFF21B1BC3310037E34C /* Release */,
			);
			defaultConfigurationIsVisible = 0;
		};
/* End XCConfigurationList section */
	};
	rootObject = D0A6DFC61B1BC3300037E34C /* Project object */;
}
